// !$*UTF8*$!
{
	archiveVersion = 1;
	classes = {
	};
	objectVersion = 46;
	objects = {

/* Begin PBXBuildFile section */
		78EAC11419A69F9A00E54802 /* AppDelegate.swift in Sources */ = {isa = PBXBuildFile; fileRef = 78EAC11319A69F9A00E54802 /* AppDelegate.swift */; };
		78EAC11619A69F9A00E54802 /* ViewController.swift in Sources */ = {isa = PBXBuildFile; fileRef = 78EAC11519A69F9A00E54802 /* ViewController.swift */; };
		78EAC11919A69F9A00E54802 /* Main.storyboard in Resources */ = {isa = PBXBuildFile; fileRef = 78EAC11719A69F9A00E54802 /* Main.storyboard */; };
		78EAC11B19A69F9A00E54802 /* Images.xcassets in Resources */ = {isa = PBXBuildFile; fileRef = 78EAC11A19A69F9A00E54802 /* Images.xcassets */; };
		78EAC12719A69F9A00E54802 /* HabrBarCodeTests.swift in Sources */ = {isa = PBXBuildFile; fileRef = 78EAC12619A69F9A00E54802 /* HabrBarCodeTests.swift */; };
/* End PBXBuildFile section */

/* Begin PBXContainerItemProxy section */
		78EAC12119A69F9A00E54802 /* PBXContainerItemProxy */ = {
			isa = PBXContainerItemProxy;
			containerPortal = 78EAC10619A69F9900E54802 /* Project object */;
			proxyType = 1;
			remoteGlobalIDString = 78EAC10D19A69F9900E54802;
			remoteInfo = HabrBarCode;
		};
/* End PBXContainerItemProxy section */

/* Begin PBXFileReference section */
		78EAC10E19A69F9900E54802 /* HabrBarCode.app */ = {isa = PBXFileReference; explicitFileType = wrapper.application; includeInIndex = 0; path = HabrBarCode.app; sourceTree = BUILT_PRODUCTS_DIR; };
		78EAC11219A69F9A00E54802 /* Info.plist */ = {isa = PBXFileReference; lastKnownFileType = text.plist.xml; path = Info.plist; sourceTree = "<group>"; };
		78EAC11319A69F9A00E54802 /* AppDelegate.swift */ = {isa = PBXFileReference; lastKnownFileType = sourcecode.swift; path = AppDelegate.swift; sourceTree = "<group>"; };
		78EAC11519A69F9A00E54802 /* ViewController.swift */ = {isa = PBXFileReference; lastKnownFileType = sourcecode.swift; path = ViewController.swift; sourceTree = "<group>"; };
		78EAC11819A69F9A00E54802 /* Base */ = {isa = PBXFileReference; lastKnownFileType = file.storyboard; name = Base; path = Base.lproj/Main.storyboard; sourceTree = "<group>"; };
		78EAC11A19A69F9A00E54802 /* Images.xcassets */ = {isa = PBXFileReference; lastKnownFileType = folder.assetcatalog; path = Images.xcassets; sourceTree = "<group>"; };
		78EAC12019A69F9A00E54802 /* HabrBarCodeTests.xctest */ = {isa = PBXFileReference; explicitFileType = wrapper.cfbundle; includeInIndex = 0; path = HabrBarCodeTests.xctest; sourceTree = BUILT_PRODUCTS_DIR; };
		78EAC12519A69F9A00E54802 /* Info.plist */ = {isa = PBXFileReference; lastKnownFileType = text.plist.xml; path = Info.plist; sourceTree = "<group>"; };
		78EAC12619A69F9A00E54802 /* HabrBarCodeTests.swift */ = {isa = PBXFileReference; lastKnownFileType = sourcecode.swift; path = HabrBarCodeTests.swift; sourceTree = "<group>"; };
/* End PBXFileReference section */

/* Begin PBXFrameworksBuildPhase section */
		78EAC10B19A69F9900E54802 /* Frameworks */ = {
			isa = PBXFrameworksBuildPhase;
			buildActionMask = 2147483647;
			files = (
			);
			runOnlyForDeploymentPostprocessing = 0;
		};
		78EAC11D19A69F9A00E54802 /* Frameworks */ = {
			isa = PBXFrameworksBuildPhase;
			buildActionMask = 2147483647;
			files = (
			);
			runOnlyForDeploymentPostprocessing = 0;
		};
/* End PBXFrameworksBuildPhase section */

/* Begin PBXGroup section */
		78EAC10519A69F9900E54802 = {
			isa = PBXGroup;
			children = (
				78EAC11019A69F9900E54802 /* HabrBarCode */,
				78EAC12319A69F9A00E54802 /* HabrBarCodeTests */,
				78EAC10F19A69F9900E54802 /* Products */,
			);
			sourceTree = "<group>";
		};
		78EAC10F19A69F9900E54802 /* Products */ = {
			isa = PBXGroup;
			children = (
				78EAC10E19A69F9900E54802 /* HabrBarCode.app */,
				78EAC12019A69F9A00E54802 /* HabrBarCodeTests.xctest */,
			);
			name = Products;
			sourceTree = "<group>";
		};
		78EAC11019A69F9900E54802 /* HabrBarCode */ = {
			isa = PBXGroup;
			children = (
				78EAC11319A69F9A00E54802 /* AppDelegate.swift */,
				78EAC11519A69F9A00E54802 /* ViewController.swift */,
				78EAC11719A69F9A00E54802 /* Main.storyboard */,
				78EAC11A19A69F9A00E54802 /* Images.xcassets */,
				78EAC11119A69F9900E54802 /* Supporting Files */,
			);
			path = HabrBarCode;
			sourceTree = "<group>";
		};
		78EAC11119A69F9900E54802 /* Supporting Files */ = {
			isa = PBXGroup;
			children = (
				78EAC11219A69F9A00E54802 /* Info.plist */,
			);
			name = "Supporting Files";
			sourceTree = "<group>";
		};
		78EAC12319A69F9A00E54802 /* HabrBarCodeTests */ = {
			isa = PBXGroup;
			children = (
				78EAC12619A69F9A00E54802 /* HabrBarCodeTests.swift */,
				78EAC12419A69F9A00E54802 /* Supporting Files */,
			);
			path = HabrBarCodeTests;
			sourceTree = "<group>";
		};
		78EAC12419A69F9A00E54802 /* Supporting Files */ = {
			isa = PBXGroup;
			children = (
				78EAC12519A69F9A00E54802 /* Info.plist */,
			);
			name = "Supporting Files";
			sourceTree = "<group>";
		};
/* End PBXGroup section */

/* Begin PBXNativeTarget section */
		78EAC10D19A69F9900E54802 /* HabrBarCode */ = {
			isa = PBXNativeTarget;
			buildConfigurationList = 78EAC12A19A69F9A00E54802 /* Build configuration list for PBXNativeTarget "HabrBarCode" */;
			buildPhases = (
				78EAC10A19A69F9900E54802 /* Sources */,
				78EAC10B19A69F9900E54802 /* Frameworks */,
				78EAC10C19A69F9900E54802 /* Resources */,
			);
			buildRules = (
			);
			dependencies = (
			);
			name = HabrBarCode;
			productName = HabrBarCode;
			productReference = 78EAC10E19A69F9900E54802 /* HabrBarCode.app */;
			productType = "com.apple.product-type.application";
		};
		78EAC11F19A69F9A00E54802 /* HabrBarCodeTests */ = {
			isa = PBXNativeTarget;
			buildConfigurationList = 78EAC12D19A69F9A00E54802 /* Build configuration list for PBXNativeTarget "HabrBarCodeTests" */;
			buildPhases = (
				78EAC11C19A69F9A00E54802 /* Sources */,
				78EAC11D19A69F9A00E54802 /* Frameworks */,
				78EAC11E19A69F9A00E54802 /* Resources */,
			);
			buildRules = (
			);
			dependencies = (
				78EAC12219A69F9A00E54802 /* PBXTargetDependency */,
			);
			name = HabrBarCodeTests;
			productName = HabrBarCodeTests;
			productReference = 78EAC12019A69F9A00E54802 /* HabrBarCodeTests.xctest */;
			productType = "com.apple.product-type.bundle.unit-test";
		};
/* End PBXNativeTarget section */

/* Begin PBXProject section */
		78EAC10619A69F9900E54802 /* Project object */ = {
			isa = PBXProject;
			attributes = {
				LastUpgradeCheck = 0600;
				ORGANIZATIONNAME = "Complex Numbers";
				TargetAttributes = {
					78EAC10D19A69F9900E54802 = {
						CreatedOnToolsVersion = 6.0;
					};
					78EAC11F19A69F9A00E54802 = {
						CreatedOnToolsVersion = 6.0;
						TestTargetID = 78EAC10D19A69F9900E54802;
					};
				};
			};
			buildConfigurationList = 78EAC10919A69F9900E54802 /* Build configuration list for PBXProject "HabrBarCode" */;
			compatibilityVersion = "Xcode 3.2";
			developmentRegion = English;
			hasScannedForEncodings = 0;
			knownRegions = (
				en,
				Base,
			);
			mainGroup = 78EAC10519A69F9900E54802;
			productRefGroup = 78EAC10F19A69F9900E54802 /* Products */;
			projectDirPath = "";
			projectRoot = "";
			targets = (
				78EAC10D19A69F9900E54802 /* HabrBarCode */,
				78EAC11F19A69F9A00E54802 /* HabrBarCodeTests */,
			);
		};
/* End PBXProject section */

/* Begin PBXResourcesBuildPhase section */
		78EAC10C19A69F9900E54802 /* Resources */ = {
			isa = PBXResourcesBuildPhase;
			buildActionMask = 2147483647;
			files = (
				78EAC11919A69F9A00E54802 /* Main.storyboard in Resources */,
				78EAC11B19A69F9A00E54802 /* Images.xcassets in Resources */,
			);
			runOnlyForDeploymentPostprocessing = 0;
		};
		78EAC11E19A69F9A00E54802 /* Resources */ = {
			isa = PBXResourcesBuildPhase;
			buildActionMask = 2147483647;
			files = (
			);
			runOnlyForDeploymentPostprocessing = 0;
		};
/* End PBXResourcesBuildPhase section */

/* Begin PBXSourcesBuildPhase section */
		78EAC10A19A69F9900E54802 /* Sources */ = {
			isa = PBXSourcesBuildPhase;
			buildActionMask = 2147483647;
			files = (
				78EAC11619A69F9A00E54802 /* ViewController.swift in Sources */,
				78EAC11419A69F9A00E54802 /* AppDelegate.swift in Sources */,
			);
			runOnlyForDeploymentPostprocessing = 0;
		};
		78EAC11C19A69F9A00E54802 /* Sources */ = {
			isa = PBXSourcesBuildPhase;
			buildActionMask = 2147483647;
			files = (
				78EAC12719A69F9A00E54802 /* HabrBarCodeTests.swift in Sources */,
			);
			runOnlyForDeploymentPostprocessing = 0;
		};
/* End PBXSourcesBuildPhase section */

/* Begin PBXTargetDependency section */
		78EAC12219A69F9A00E54802 /* PBXTargetDependency */ = {
			isa = PBXTargetDependency;
			target = 78EAC10D19A69F9900E54802 /* HabrBarCode */;
			targetProxy = 78EAC12119A69F9A00E54802 /* PBXContainerItemProxy */;
		};
/* End PBXTargetDependency section */

/* Begin PBXVariantGroup section */
		78EAC11719A69F9A00E54802 /* Main.storyboard */ = {
			isa = PBXVariantGroup;
			children = (
				78EAC11819A69F9A00E54802 /* Base */,
			);
			name = Main.storyboard;
			sourceTree = "<group>";
		};
/* End PBXVariantGroup section */

/* Begin XCBuildConfiguration section */
		78EAC12819A69F9A00E54802 /* Debug */ = {
			isa = XCBuildConfiguration;
			buildSettings = {
				ALWAYS_SEARCH_USER_PATHS = NO;
				CLANG_CXX_LANGUAGE_STANDARD = "gnu++0x";
				CLANG_CXX_LIBRARY = "libc++";
				CLANG_ENABLE_MODULES = YES;
				CLANG_ENABLE_OBJC_ARC = YES;
				CLANG_WARN_BOOL_CONVERSION = YES;
				CLANG_WARN_CONSTANT_CONVERSION = YES;
				CLANG_WARN_DIRECT_OBJC_ISA_USAGE = YES_ERROR;
				CLANG_WARN_EMPTY_BODY = YES;
				CLANG_WARN_ENUM_CONVERSION = YES;
				CLANG_WARN_INT_CONVERSION = YES;
				CLANG_WARN_OBJC_ROOT_CLASS = YES_ERROR;
				CLANG_WARN_UNREACHABLE_CODE = YES;
				CLANG_WARN__DUPLICATE_METHOD_MATCH = YES;
				"CODE_SIGN_IDENTITY[sdk=iphoneos*]" = "iPhone Developer";
				COPY_PHASE_STRIP = NO;
				ENABLE_STRICT_OBJC_MSGSEND = YES;
				GCC_C_LANGUAGE_STANDARD = gnu99;
				GCC_DYNAMIC_NO_PIC = NO;
				GCC_OPTIMIZATION_LEVEL = 0;
				GCC_PREPROCESSOR_DEFINITIONS = (
					"DEBUG=1",
					"$(inherited)",
				);
				GCC_SYMBOLS_PRIVATE_EXTERN = NO;
				GCC_WARN_64_TO_32_BIT_CONVERSION = YES;
				GCC_WARN_ABOUT_RETURN_TYPE = YES_ERROR;
				GCC_WARN_UNDECLARED_SELECTOR = YES;
				GCC_WARN_UNINITIALIZED_AUTOS = YES_AGGRESSIVE;
				GCC_WARN_UNUSED_FUNCTION = YES;
				GCC_WARN_UNUSED_VARIABLE = YES;
				IPHONEOS_DEPLOYMENT_TARGET = 8.0;
				MTL_ENABLE_DEBUG_INFO = YES;
				ONLY_ACTIVE_ARCH = YES;
				SDKROOT = iphoneos;
				SWIFT_OPTIMIZATION_LEVEL = "-Onone";
				TARGETED_DEVICE_FAMILY = "1,2";
			};
			name = Debug;
		};
		78EAC12919A69F9A00E54802 /* Release */ = {
			isa = XCBuildConfiguration;
			buildSettings = {
				ALWAYS_SEARCH_USER_PATHS = NO;
				CLANG_CXX_LANGUAGE_STANDARD = "gnu++0x";
				CLANG_CXX_LIBRARY = "libc++";
				CLANG_ENABLE_MODULES = YES;
				CLANG_ENABLE_OBJC_ARC = YES;
				CLANG_WARN_BOOL_CONVERSION = YES;
				CLANG_WARN_CONSTANT_CONVERSION = YES;
				CLANG_WARN_DIRECT_OBJC_ISA_USAGE = YES_ERROR;
				CLANG_WARN_EMPTY_BODY = YES;
				CLANG_WARN_ENUM_CONVERSION = YES;
				CLANG_WARN_INT_CONVERSION = YES;
				CLANG_WARN_OBJC_ROOT_CLASS = YES_ERROR;
				CLANG_WARN_UNREACHABLE_CODE = YES;
				CLANG_WARN__DUPLICATE_METHOD_MATCH = YES;
				"CODE_SIGN_IDENTITY[sdk=iphoneos*]" = "iPhone Developer";
				COPY_PHASE_STRIP = YES;
				ENABLE_NS_ASSERTIONS = NO;
				ENABLE_STRICT_OBJC_MSGSEND = YES;
				GCC_C_LANGUAGE_STANDARD = gnu99;
				GCC_WARN_64_TO_32_BIT_CONVERSION = YES;
				GCC_WARN_ABOUT_RETURN_TYPE = YES_ERROR;
				GCC_WARN_UNDECLARED_SELECTOR = YES;
				GCC_WARN_UNINITIALIZED_AUTOS = YES_AGGRESSIVE;
				GCC_WARN_UNUSED_FUNCTION = YES;
				GCC_WARN_UNUSED_VARIABLE = YES;
				IPHONEOS_DEPLOYMENT_TARGET = 8.0;
				MTL_ENABLE_DEBUG_INFO = NO;
				SDKROOT = iphoneos;
				TARGETED_DEVICE_FAMILY = "1,2";
				VALIDATE_PRODUCT = YES;
			};
			name = Release;
		};
		78EAC12B19A69F9A00E54802 /* Debug */ = {
			isa = XCBuildConfiguration;
			buildSettings = {
				ASSETCATALOG_COMPILER_APPICON_NAME = AppIcon;
				ASSETCATALOG_COMPILER_LAUNCHIMAGE_NAME = LaunchImage;
				INFOPLIST_FILE = HabrBarCode/Info.plist;
				LD_RUNPATH_SEARCH_PATHS = "$(inherited) @executable_path/Frameworks";
				PRODUCT_NAME = "$(TARGET_NAME)";
			};
			name = Debug;
		};
		78EAC12C19A69F9A00E54802 /* Release */ = {
			isa = XCBuildConfiguration;
			buildSettings = {
				ASSETCATALOG_COMPILER_APPICON_NAME = AppIcon;
				ASSETCATALOG_COMPILER_LAUNCHIMAGE_NAME = LaunchImage;
				INFOPLIST_FILE = HabrBarCode/Info.plist;
				LD_RUNPATH_SEARCH_PATHS = "$(inherited) @executable_path/Frameworks";
				PRODUCT_NAME = "$(TARGET_NAME)";
			};
			name = Release;
		};
		78EAC12E19A69F9A00E54802 /* Debug */ = {
			isa = XCBuildConfiguration;
			buildSettings = {
				BUNDLE_LOADER = "$(TEST_HOST)";
				FRAMEWORK_SEARCH_PATHS = (
					"$(SDKROOT)/Developer/Library/Frameworks",
					"$(inherited)",
				);
				GCC_PREPROCESSOR_DEFINITIONS = (
					"DEBUG=1",
					"$(inherited)",
				);
				INFOPLIST_FILE = HabrBarCodeTests/Info.plist;
				LD_RUNPATH_SEARCH_PATHS = "$(inherited) @executable_path/Frameworks @loader_path/Frameworks";
				PRODUCT_NAME = "$(TARGET_NAME)";
				TEST_HOST = "$(BUILT_PRODUCTS_DIR)/HabrBarCode.app/HabrBarCode";
			};
			name = Debug;
		};
		78EAC12F19A69F9A00E54802 /* Release */ = {
			isa = XCBuildConfiguration;
			buildSettings = {
				BUNDLE_LOADER = "$(TEST_HOST)";
				FRAMEWORK_SEARCH_PATHS = (
					"$(SDKROOT)/Developer/Library/Frameworks",
					"$(inherited)",
				);
				INFOPLIST_FILE = HabrBarCodeTests/Info.plist;
				LD_RUNPATH_SEARCH_PATHS = "$(inherited) @executable_path/Frameworks @loader_path/Frameworks";
				PRODUCT_NAME = "$(TARGET_NAME)";
				TEST_HOST = "$(BUILT_PRODUCTS_DIR)/HabrBarCode.app/HabrBarCode";
			};
			name = Release;
		};
/* End XCBuildConfiguration section */

/* Begin XCConfigurationList section */
		78EAC10919A69F9900E54802 /* Build configuration list for PBXProject "HabrBarCode" */ = {
			isa = XCConfigurationList;
			buildConfigurations = (
				78EAC12819A69F9A00E54802 /* Debug */,
				78EAC12919A69F9A00E54802 /* Release */,
			);
			defaultConfigurationIsVisible = 0;
			defaultConfigurationName = Release;
		};
		78EAC12A19A69F9A00E54802 /* Build configuration list for PBXNativeTarget "HabrBarCode" */ = {
			isa = XCConfigurationList;
			buildConfigurations = (
				78EAC12B19A69F9A00E54802 /* Debug */,
				78EAC12C19A69F9A00E54802 /* Release */,
			);
			defaultConfigurationIsVisible = 0;
		};
		78EAC12D19A69F9A00E54802 /* Build configuration list for PBXNativeTarget "HabrBarCodeTests" */ = {
			isa = XCConfigurationList;
			buildConfigurations = (
				78EAC12E19A69F9A00E54802 /* Debug */,
				78EAC12F19A69F9A00E54802 /* Release */,
			);
			defaultConfigurationIsVisible = 0;
		};
/* End XCConfigurationList section */
	};
	rootObject = 78EAC10619A69F9900E54802 /* Project object */;
}
